
Microsoft Visual Studio Solution File, Format Version 12.00
# Visual Studio 14
VisualStudioVersion = 14.0.24720.0
MinimumVisualStudioVersion = 10.0.40219.1
Project("{2150E333-8FDC-42A3-9474-1A3956D46DE8}") = "src", "src", "{4108D699-0C95-4674-B4B2-A650A732A7DE}"
EndProject
Project("{2150E333-8FDC-42A3-9474-1A3956D46DE8}") = "Solution Items", "Solution Items", "{BD4C71FE-7DBD-4885-BCBA-8F7BE6CB4929}"
	ProjectSection(SolutionItems) = preProject
		global.json = global.json
	EndProjectSection
EndProject
Project("{8BB2217D-0F2D-49D1-97BC-3654ED321F3B}") = "PageMicroservice.Api", "src\PageMicroservice.Api\PageMicroservice.Api.xproj", "{46A6EF5F-2F9F-48E1-A7DF-91900E28E07B}"
EndProject
Project("{8BB2217D-0F2D-49D1-97BC-3654ED321F3B}") = "PageMicroservice.Models", "src\PageMicroservice.Models\PageMicroservice.Models.xproj", "{A6404676-4BF6-43A2-87D8-A7D473133514}"
EndProject
Project("{8BB2217D-0F2D-49D1-97BC-3654ED321F3B}") = "PageMicroservice.Data", "src\PageMicroservice.Data\PageMicroservice.Data.xproj", "{C1B2FF31-728F-4335-B94A-64865BE0AF8D}"
EndProject
Project("{8BB2217D-0F2D-49D1-97BC-3654ED321F3B}") = "PageMicroservice.Services", "src\PageMicroservice.Services\PageMicroservice.Services.xproj", "{94B122BE-0FBA-4E24-A5C0-AFA25FC4D221}"
EndProject
Project("{8BB2217D-0F2D-49D1-97BC-3654ED321F3B}") = "PageMicroservice.Api.Models", "src\PageMicroservice.Api.Models\PageMicroservice.Api.Models.xproj", "{AB8BE541-4137-4905-B8C9-16830741308F}"
EndProject
Project("{2150E333-8FDC-42A3-9474-1A3956D46DE8}") = "test", "test", "{AF5DA1B1-96C5-4EB0-82D6-7C7800957474}"
EndProject
Project("{8BB2217D-0F2D-49D1-97BC-3654ED321F3B}") = "PageMicroservice.Data.UnitTest", "test\PageMicroservice.Data.UnitTest\PageMicroservice.Data.UnitTest.xproj", "{990E19BF-B6AD-4548-B855-F0BDFF82BD07}"
EndProject
Global
	GlobalSection(SolutionConfigurationPlatforms) = preSolution
		Debug|Any CPU = Debug|Any CPU
		Release|Any CPU = Release|Any CPU
	EndGlobalSection
	GlobalSection(ProjectConfigurationPlatforms) = postSolution
		{46A6EF5F-2F9F-48E1-A7DF-91900E28E07B}.Debug|Any CPU.ActiveCfg = Debug|Any CPU
		{46A6EF5F-2F9F-48E1-A7DF-91900E28E07B}.Debug|Any CPU.Build.0 = Debug|Any CPU
		{46A6EF5F-2F9F-48E1-A7DF-91900E28E07B}.Release|Any CPU.ActiveCfg = Release|Any CPU
		{46A6EF5F-2F9F-48E1-A7DF-91900E28E07B}.Release|Any CPU.Build.0 = Release|Any CPU
		{A6404676-4BF6-43A2-87D8-A7D473133514}.Debug|Any CPU.ActiveCfg = Debug|Any CPU
		{A6404676-4BF6-43A2-87D8-A7D473133514}.Debug|Any CPU.Build.0 = Debug|Any CPU
		{A6404676-4BF6-43A2-87D8-A7D473133514}.Release|Any CPU.ActiveCfg = Release|Any CPU
		{A6404676-4BF6-43A2-87D8-A7D473133514}.Release|Any CPU.Build.0 = Release|Any CPU
		{C1B2FF31-728F-4335-B94A-64865BE0AF8D}.Debug|Any CPU.ActiveCfg = Debug|Any CPU
		{C1B2FF31-728F-4335-B94A-64865BE0AF8D}.Debug|Any CPU.Build.0 = Debug|Any CPU
		{C1B2FF31-728F-4335-B94A-64865BE0AF8D}.Release|Any CPU.ActiveCfg = Release|Any CPU
		{C1B2FF31-728F-4335-B94A-64865BE0AF8D}.Release|Any CPU.Build.0 = Release|Any CPU
		{94B122BE-0FBA-4E24-A5C0-AFA25FC4D221}.Debug|Any CPU.ActiveCfg = Debug|Any CPU
		{94B122BE-0FBA-4E24-A5C0-AFA25FC4D221}.Debug|Any CPU.Build.0 = Debug|Any CPU
		{94B122BE-0FBA-4E24-A5C0-AFA25FC4D221}.Release|Any CPU.ActiveCfg = Release|Any CPU
		{94B122BE-0FBA-4E24-A5C0-AFA25FC4D221}.Release|Any CPU.Build.0 = Release|Any CPU
		{AB8BE541-4137-4905-B8C9-16830741308F}.Debug|Any CPU.ActiveCfg = Debug|Any CPU
		{AB8BE541-4137-4905-B8C9-16830741308F}.Debug|Any CPU.Build.0 = Debug|Any CPU
		{AB8BE541-4137-4905-B8C9-16830741308F}.Release|Any CPU.ActiveCfg = Release|Any CPU
		{AB8BE541-4137-4905-B8C9-16830741308F}.Release|Any CPU.Build.0 = Release|Any CPU
		{990E19BF-B6AD-4548-B855-F0BDFF82BD07}.Debug|Any CPU.ActiveCfg = Debug|Any CPU
		{990E19BF-B6AD-4548-B855-F0BDFF82BD07}.Debug|Any CPU.Build.0 = Debug|Any CPU
		{990E19BF-B6AD-4548-B855-F0BDFF82BD07}.Release|Any CPU.ActiveCfg = Release|Any CPU
		{990E19BF-B6AD-4548-B855-F0BDFF82BD07}.Release|Any CPU.Build.0 = Release|Any CPU
	EndGlobalSection
	GlobalSection(SolutionProperties) = preSolution
		HideSolutionNode = FALSE
	EndGlobalSection
	GlobalSection(NestedProjects) = preSolution
		{46A6EF5F-2F9F-48E1-A7DF-91900E28E07B} = {4108D699-0C95-4674-B4B2-A650A732A7DE}
		{A6404676-4BF6-43A2-87D8-A7D473133514} = {4108D699-0C95-4674-B4B2-A650A732A7DE}
		{C1B2FF31-728F-4335-B94A-64865BE0AF8D} = {4108D699-0C95-4674-B4B2-A650A732A7DE}
		{94B122BE-0FBA-4E24-A5C0-AFA25FC4D221} = {4108D699-0C95-4674-B4B2-A650A732A7DE}
		{AB8BE541-4137-4905-B8C9-16830741308F} = {4108D699-0C95-4674-B4B2-A650A732A7DE}
		{990E19BF-B6AD-4548-B855-F0BDFF82BD07} = {AF5DA1B1-96C5-4EB0-82D6-7C7800957474}
	EndGlobalSection
EndGlobal
