
Microsoft Visual Studio Solution File, Format Version 12.00
# Visual Studio 14
VisualStudioVersion = 14.0.24720.0
MinimumVisualStudioVersion = 10.0.40219.1
Project("{2150E333-8FDC-42A3-9474-1A3956D46DE8}") = "src", "src", "{4108D699-0C95-4674-B4B2-A650A732A7DE}"
EndProject
Project("{2150E333-8FDC-42A3-9474-1A3956D46DE8}") = "Solution Items", "Solution Items", "{BD4C71FE-7DBD-4885-BCBA-8F7BE6CB4929}"
	ProjectSection(SolutionItems) = preProject
		global.json = global.json
	EndProjectSection
EndProject
Project("{8BB2217D-0F2D-49D1-97BC-3654ED321F3B}") = "PageMicroservice.Api", "src\PageMicroservice.Api\PageMicroservice.Api.xproj", "{46A6EF5F-2F9F-48E1-A7DF-91900E28E07B}"
EndProject
Project("{2150E333-8FDC-42A3-9474-1A3956D46DE8}") = "test", "test", "{AF5DA1B1-96C5-4EB0-82D6-7C7800957474}"
EndProject
Project("{8BB2217D-0F2D-49D1-97BC-3654ED321F3B}") = "PageMicroservice.UnitTest", "test\PageMicroservice.UnitTest\PageMicroservice.UnitTest.xproj", "{5A2C965C-25D9-4E4A-B35F-BDBAF1DADD38}"
EndProject
Global
	GlobalSection(SolutionConfigurationPlatforms) = preSolution
		Debug|Any CPU = Debug|Any CPU
		Release|Any CPU = Release|Any CPU
	EndGlobalSection
	GlobalSection(ProjectConfigurationPlatforms) = postSolution
		{46A6EF5F-2F9F-48E1-A7DF-91900E28E07B}.Debug|Any CPU.ActiveCfg = Debug|Any CPU
		{46A6EF5F-2F9F-48E1-A7DF-91900E28E07B}.Debug|Any CPU.Build.0 = Debug|Any CPU
		{46A6EF5F-2F9F-48E1-A7DF-91900E28E07B}.Release|Any CPU.ActiveCfg = Release|Any CPU
		{46A6EF5F-2F9F-48E1-A7DF-91900E28E07B}.Release|Any CPU.Build.0 = Release|Any CPU
		{5A2C965C-25D9-4E4A-B35F-BDBAF1DADD38}.Debug|Any CPU.ActiveCfg = Debug|Any CPU
		{5A2C965C-25D9-4E4A-B35F-BDBAF1DADD38}.Debug|Any CPU.Build.0 = Debug|Any CPU
		{5A2C965C-25D9-4E4A-B35F-BDBAF1DADD38}.Release|Any CPU.ActiveCfg = Release|Any CPU
		{5A2C965C-25D9-4E4A-B35F-BDBAF1DADD38}.Release|Any CPU.Build.0 = Release|Any CPU
	EndGlobalSection
	GlobalSection(SolutionProperties) = preSolution
		HideSolutionNode = FALSE
	EndGlobalSection
	GlobalSection(NestedProjects) = preSolution
		{46A6EF5F-2F9F-48E1-A7DF-91900E28E07B} = {4108D699-0C95-4674-B4B2-A650A732A7DE}
		{5A2C965C-25D9-4E4A-B35F-BDBAF1DADD38} = {AF5DA1B1-96C5-4EB0-82D6-7C7800957474}
	EndGlobalSection
EndGlobal
